{
  "lockfile_version": "1",
  "packages": {
    "github:NixOS/nixpkgs/nixpkgs-unstable": {
      "last_modified": "2026-02-23T15:40:43Z",
      "resolved": "github:NixOS/nixpkgs/80d901ec0377e19ac3f7bb8c035201e2e098cc97?lastModified=1771861243&narHash=sha256-mz05b1VyLWoTkNg8iJr3yXFJF7HDlwIUKI3ln39RacY%3D"
    },
    "libyaml": {
      "resolved": "github:NixOS/nixpkgs/80d901ec0377e19ac3f7bb8c035201e2e098cc97?narHash=sha256-mz05b1VyLWoTkNg8iJr3yXFJF7HDlwIUKI3ln39RacY%3D#libyaml",
      "source": "nixpkg"
    },
    "pkg-config": {
      "resolved": "github:NixOS/nixpkgs/80d901ec0377e19ac3f7bb8c035201e2e098cc97?narHash=sha256-mz05b1VyLWoTkNg8iJr3yXFJF7HDlwIUKI3ln39RacY%3D#pkg-config",
      "source": "nixpkg"
    },
    "ruby@3.4": {
      "last_modified": "2026-03-02T11:03:52Z",
      "plugin_version": "0.0.2",
      "resolved": "github:NixOS/nixpkgs/dc7513872406b53d2ff417a003895d6daffdff2f#ruby",
      "source": "devbox-search",
      "version": "3.4.8",
      "systems": {
        "aarch64-darwin": {
          "outputs": [
            {
              "name": "out",
              "path": "/nix/store/3lbysjs3r0k2y44h4x6f3pd3airbwq01-ruby-3.4.8",
              "default": true
            },
            {
              "name": "devdoc",
              "path": "/nix/store/i7j9yj776rwl4y84cqcnlg812yr3jzg6-ruby-3.4.8-devdoc"
            }
          ],
          "store_path": "/nix/store/3lbysjs3r0k2y44h4x6f3pd3airbwq01-ruby-3.4.8"
        },
        "aarch64-linux": {
          "outputs": [
            {
              "name": "out",
              "path": "/nix/store/hps1bncgp5vd7hldiyadffynqjw2xmm7-ruby-3.4.8",
              "default": true
            },
            {
              "name": "devdoc",
              "path": "/nix/store/cr9a63sx31xzh029930d3zp82vyc0raj-ruby-3.4.8-devdoc"
            }
          ],
          "store_path": "/nix/store/hps1bncgp5vd7hldiyadffynqjw2xmm7-ruby-3.4.8"
        },
        "x86_64-darwin": {
          "outputs": [
            {
              "name": "out",
              "path": "/nix/store/3y9k47y8xm837v2853bnaqn8g1ls3fc5-ruby-3.4.8",
              "default": true
            },
            {
              "name": "devdoc",
              "path": "/nix/store/nih9silg5ia4dwzmzjj35whapv3ki7rk-ruby-3.4.8-devdoc"
            }
          ],
          "store_path": "/nix/store/3y9k47y8xm837v2853bnaqn8g1ls3fc5-ruby-3.4.8"
        },
        "x86_64-linux": {
          "outputs": [
            {
              "name": "out",
              "path": "/nix/store/lmwsrlh42jk9578yfhmw2kpvqvz2r5m6-ruby-3.4.8",
              "default": true
            },
            {
              "name": "devdoc",
              "path": "/nix/store/i0hrwz972mg8n1gqp61nmwc7r4nl8ybx-ruby-3.4.8-devdoc"
            }
          ],
          "store_path": "/nix/store/lmwsrlh42jk9578yfhmw2kpvqvz2r5m6-ruby-3.4.8"
        }
      }
    },
    "sqlite": {
      "resolved": "github:NixOS/nixpkgs/80d901ec0377e19ac3f7bb8c035201e2e098cc97?narHash=sha256-mz05b1VyLWoTkNg8iJr3yXFJF7HDlwIUKI3ln39RacY%3D#sqlite",
      "source": "nixpkg"
    }
  }
}
